
Microsoft Visual Studio Solution File, Format Version 12.00
# Visual Studio Version 16
VisualStudioVersion = 16.0.31911.196
MinimumVisualStudioVersion = 10.0.40219.1
Project("{9A19103F-16F7-4668-BE54-9A1E7A4F7556}") = "Culinista", "Culinista\Culinista.csproj", "{1BAF6C39-09DE-4A97-9C96-5328DF0A08EA}"
EndProject
Project("{FAE04EC0-301F-11D3-BF4B-00C04F79EFBC}") = "CrawlerTest", "CrawlerTest\CrawlerTest.csproj", "{B775171B-6210-4123-9CFA-D0AD72762A17}"
EndProject
Global
	GlobalSection(SolutionConfigurationPlatforms) = preSolution
		Debug|Any CPU = Debug|Any CPU
		Release|Any CPU = Release|Any CPU
	EndGlobalSection
	GlobalSection(ProjectConfigurationPlatforms) = postSolution
		{1BAF6C39-09DE-4A97-9C96-5328DF0A08EA}.Debug|Any CPU.ActiveCfg = Debug|Any CPU
		{1BAF6C39-09DE-4A97-9C96-5328DF0A08EA}.Debug|Any CPU.Build.0 = Debug|Any CPU
		{1BAF6C39-09DE-4A97-9C96-5328DF0A08EA}.Release|Any CPU.ActiveCfg = Release|Any CPU
		{1BAF6C39-09DE-4A97-9C96-5328DF0A08EA}.Release|Any CPU.Build.0 = Release|Any CPU
		{B775171B-6210-4123-9CFA-D0AD72762A17}.Debug|Any CPU.ActiveCfg = Debug|Any CPU
		{B775171B-6210-4123-9CFA-D0AD72762A17}.Debug|Any CPU.Build.0 = Debug|Any CPU
		{B775171B-6210-4123-9CFA-D0AD72762A17}.Release|Any CPU.ActiveCfg = Release|Any CPU
		{B775171B-6210-4123-9CFA-D0AD72762A17}.Release|Any CPU.Build.0 = Release|Any CPU
	EndGlobalSection
	GlobalSection(SolutionProperties) = preSolution
		HideSolutionNode = FALSE
	EndGlobalSection
	GlobalSection(ExtensibilityGlobals) = postSolution
		SolutionGuid = {1CEF7994-D9D7-48C5-93AF-7D00A9BD2F9A}
	EndGlobalSection
EndGlobal
